
Microsoft Visual Studio Solution File, Format Version 12.00
# Visual Studio Version 17
VisualStudioVersion = 17.4.33122.133
MinimumVisualStudioVersion = 10.0.40219.1
Project("{9A19103F-16F7-4668-BE54-9A1E7A4F7556}") = "Quiz", "Quiz.csproj", "{89C6D19C-1A44-4232-988B-02EDFA0E6070}"
EndProject
Global
	GlobalSection(SolutionConfigurationPlatforms) = preSolution
		Debug|Any CPU = Debug|Any CPU
		Release|Any CPU = Release|Any CPU
	EndGlobalSection
	GlobalSection(ProjectConfigurationPlatforms) = postSolution
		{89C6D19C-1A44-4232-988B-02EDFA0E6070}.Debug|Any CPU.ActiveCfg = Debug|Any CPU
		{89C6D19C-1A44-4232-988B-02EDFA0E6070}.Debug|Any CPU.Build.0 = Debug|Any CPU
		{89C6D19C-1A44-4232-988B-02EDFA0E6070}.Release|Any CPU.ActiveCfg = Release|Any CPU
		{89C6D19C-1A44-4232-988B-02EDFA0E6070}.Release|Any CPU.Build.0 = Release|Any CPU
	EndGlobalSection
	GlobalSection(SolutionProperties) = preSolution
		HideSolutionNode = FALSE
	EndGlobalSection
	GlobalSection(ExtensibilityGlobals) = postSolution
		SolutionGuid = {030F5EA5-A9F2-4195-9190-5D0CD7DFC9C5}
	EndGlobalSection
EndGlobal
